
Microsoft Visual Studio Solution File, Format Version 12.00
# Visual Studio 14
VisualStudioVersion = 14.0.25123.0
MinimumVisualStudioVersion = 10.0.40219.1
Project("{FAE04EC0-301F-11D3-BF4B-00C04F79EFBC}") = "COMP2007-Lab1A-RAILL", "COMP2007-Lab1A-RAILL\COMP2007-Lab1A-RAILL.csproj", "{A6833717-AF8B-4837-97AB-A28A096FFD14}"
EndProject
Global
	GlobalSection(SolutionConfigurationPlatforms) = preSolution
		Debug|Any CPU = Debug|Any CPU
		Release|Any CPU = Release|Any CPU
	EndGlobalSection
	GlobalSection(ProjectConfigurationPlatforms) = postSolution
		{A6833717-AF8B-4837-97AB-A28A096FFD14}.Debug|Any CPU.ActiveCfg = Debug|Any CPU
		{A6833717-AF8B-4837-97AB-A28A096FFD14}.Debug|Any CPU.Build.0 = Debug|Any CPU
		{A6833717-AF8B-4837-97AB-A28A096FFD14}.Release|Any CPU.ActiveCfg = Release|Any CPU
		{A6833717-AF8B-4837-97AB-A28A096FFD14}.Release|Any CPU.Build.0 = Release|Any CPU
	EndGlobalSection
	GlobalSection(SolutionProperties) = preSolution
		HideSolutionNode = FALSE
	EndGlobalSection
EndGlobal
